<?xml version="1.0" encoding="utf-8"?>
<Project ToolsVersion="4.0" xmlns="http://schemas.microsoft.com/developer/msbuild/2003">
  <ItemGroup>
    <Filter Include="Source">
      <UniqueIdentifier>{be2ab3e1-ea52-46b4-aa38-fcc50772b2c0}</UniqueIdentifier>
    </Filter>
    <Filter Include="Source\Framework">
      <UniqueIdentifier>{2ae2d277-8f4a-4262-826f-c01178b8c834}</UniqueIdentifier>
    </Filter>
    <Filter Include="Windows">
      <UniqueIdentifier>{991f3fe1-51e2-46c8-808e-27d416a14734}</UniqueIdentifier>
    </Filter>
    <Filter Include="Source\Scenes">
      <UniqueIdentifier>{4fd96e43-6a29-4d11-8767-10399b3300c5}</UniqueIdentifier>
    </Filter>
    <Filter Include="Source\Framework\DesignPattern">
      <UniqueIdentifier>{8b11716e-1638-489b-a155-685c2cdb4b4d}</UniqueIdentifier>
    </Filter>
    <Filter Include="Source\Framework\Modules">
      <UniqueIdentifier>{ce19943f-105c-404b-bd21-9b811f766197}</UniqueIdentifier>
    </Filter>
    <Filter Include="Source\Framework\Modules\Rendering">
      <UniqueIdentifier>{6df6e453-6ef0-47c8-b89c-3a8f9dcc1be4}</UniqueIdentifier>
    </Filter>
    <Filter Include="Source\Framework\Modules\Rendering\Platform">
      <UniqueIdentifier>{04b7be15-7a30-48c7-b219-b560f108d08d}</UniqueIdentifier>
    </Filter>
    <Filter Include="Source\Framework\Modules\Rendering\Platform\D3D9">
      <UniqueIdentifier>{f6eb316c-9135-4d8f-90a8-e1cff8f2fe3a}</UniqueIdentifier>
    </Filter>
    <Filter Include="Source\Framework\Modules\Timer">
      <UniqueIdentifier>{ff2a267d-e726-4b10-a3a7-df8bd244a857}</UniqueIdentifier>
    </Filter>
    <Filter Include="Source\Framework\Modules\Director">
      <UniqueIdentifier>{1ff7727c-8c79-4825-be72-3843cdf6919e}</UniqueIdentifier>
    </Filter>
    <Filter Include="Source\Framework\Utility">
      <UniqueIdentifier>{435278b1-fa58-482d-9d53-54d987dae69e}</UniqueIdentifier>
    </Filter>
    <Filter Include="Source\Framework\Modules\Terminal">
      <UniqueIdentifier>{ac87baff-9f89-4b09-b746-f6b2b15f05e1}</UniqueIdentifier>
    </Filter>
    <Filter Include="Source\Framework\Modules\Terminal\Platform">
      <UniqueIdentifier>{fb327225-2e89-4da8-88cf-7f682913dbe0}</UniqueIdentifier>
    </Filter>
    <Filter Include="Source\Framework\Modules\Terminal\Platform\Windows">
      <UniqueIdentifier>{5ba0ac1a-9b4c-48b2-8de3-74f6261df734}</UniqueIdentifier>
    </Filter>
    <Filter Include="Source\Framework\Modules\Timer\Platform">
      <UniqueIdentifier>{81eb1344-e57a-4b3e-898e-a1158be2e041}</UniqueIdentifier>
    </Filter>
    <Filter Include="Source\Framework\Modules\Timer\Platform\Windows">
      <UniqueIdentifier>{2316fd19-61c9-4d56-9f55-01e55f6ab280}</UniqueIdentifier>
    </Filter>
    <Filter Include="Source\Framework\Modules\Rendering\Platform\D3D11">
      <UniqueIdentifier>{82872abb-2a41-4848-90c7-0ce17f32635a}</UniqueIdentifier>
    </Filter>
    <Filter Include="Source\Framework\Math">
      <UniqueIdentifier>{e3e0e740-653f-4be9-aad8-b81d1a6defe2}</UniqueIdentifier>
    </Filter>
    <Filter Include="Source\Framework\Math\XNAMath">
      <UniqueIdentifier>{33973e81-c78f-4d1f-9444-297f52dfd0f5}</UniqueIdentifier>
    </Filter>
    <Filter Include="Source\Framework\EventDriver">
      <UniqueIdentifier>{05b1980d-0d48-452a-970e-2d2c5582fb29}</UniqueIdentifier>
    </Filter>
    <Filter Include="Resource">
      <UniqueIdentifier>{4d9df1a5-0a97-4664-930a-31336f67a23b}</UniqueIdentifier>
    </Filter>
    <Filter Include="Resource\Shader">
      <UniqueIdentifier>{e54240c4-2d41-4645-8098-28904921aab3}</UniqueIdentifier>
    </Filter>
  </ItemGroup>
  <ItemGroup>
    <ClInclude Include="..\..\Source\stdafx.h">
      <Filter>Source</Filter>
    </ClInclude>
    <ClInclude Include="..\..\Source\Framework\Application.h">
      <Filter>Source\Framework</Filter>
    </ClInclude>
    <ClInclude Include="..\..\Source\Framework\Scene.h">
      <Filter>Source\Framework</Filter>
    </ClInclude>
    <ClInclude Include="..\..\Platform\Windows\resource.h">
      <Filter>Windows</Filter>
    </ClInclude>
    <ClInclude Include="..\..\Platform\Windows\targetver.h">
      <Filter>Windows</Filter>
    </ClInclude>
    <ClInclude Include="..\..\Source\Scenes\MainScene.h">
      <Filter>Source\Scenes</Filter>
    </ClInclude>
    <ClInclude Include="..\..\Source\Scenes\ScenesHeader.h">
      <Filter>Source\Scenes</Filter>
    </ClInclude>
    <ClInclude Include="..\..\Source\Scenes\SubScene1.h">
      <Filter>Source\Scenes</Filter>
    </ClInclude>
    <ClInclude Include="..\..\Source\Framework\DesignPattern\Factory.h">
      <Filter>Source\Framework\DesignPattern</Filter>
    </ClInclude>
    <ClInclude Include="..\..\Source\Framework\DesignPattern\Singleton.h">
      <Filter>Source\Framework\DesignPattern</Filter>
    </ClInclude>
    <ClInclude Include="..\..\Source\Framework\Utility\Defines.h">
      <Filter>Source\Framework\Utility</Filter>
    </ClInclude>
    <ClInclude Include="..\..\Source\Framework\Utility\Exceptions.h">
      <Filter>Source\Framework\Utility</Filter>
    </ClInclude>
    <ClInclude Include="..\..\Source\Framework\Utility\Utility.h">
      <Filter>Source\Framework\Utility</Filter>
    </ClInclude>
    <ClInclude Include="..\..\Source\Framework\Modules\Rendering\Platform\D3D9\RendererD3D9.h">
      <Filter>Source\Framework\Modules\Rendering\Platform\D3D9</Filter>
    </ClInclude>
    <ClInclude Include="..\..\Source\Framework\Modules\Rendering\Renderer.h">
      <Filter>Source\Framework\Modules\Rendering</Filter>
    </ClInclude>
    <ClInclude Include="..\..\Source\Framework\Modules\Director\Director.h">
      <Filter>Source\Framework\Modules\Director</Filter>
    </ClInclude>
    <ClInclude Include="..\..\Source\Framework\Modules\Terminal\Platform\Windows\TerminalWin.h">
      <Filter>Source\Framework\Modules\Terminal\Platform\Windows</Filter>
    </ClInclude>
    <ClInclude Include="..\..\Source\Framework\Modules\Timer\Timer.h">
      <Filter>Source\Framework\Modules\Timer</Filter>
    </ClInclude>
    <ClInclude Include="..\..\Source\Framework\Modules\Timer\Platform\Windows\TimerWin.h">
      <Filter>Source\Framework\Modules\Timer\Platform\Windows</Filter>
    </ClInclude>
    <ClInclude Include="..\..\Source\Framework\Modules\Module.h">
      <Filter>Source\Framework\Modules</Filter>
    </ClInclude>
    <ClInclude Include="..\..\Source\Framework\Modules\ModulePlugin.h">
      <Filter>Source\Framework\Modules</Filter>
    </ClInclude>
    <ClInclude Include="..\..\Source\Framework\Modules\Terminal\Terminal.h">
      <Filter>Source\Framework\Modules\Terminal</Filter>
    </ClInclude>
    <ClInclude Include="..\..\Source\Framework\Modules\Rendering\Platform\D3D11\RendererD3D11.h">
      <Filter>Source\Framework\Modules\Rendering\Platform\D3D11</Filter>
    </ClInclude>
    <ClInclude Include="..\..\Source\Framework\Math\Math.h">
      <Filter>Source\Framework\Math</Filter>
    </ClInclude>
    <ClInclude Include="..\..\Source\Framework\Math\XNAMath\xnamath.h">
      <Filter>Source\Framework\Math\XNAMath</Filter>
    </ClInclude>
    <ClInclude Include="..\..\Source\Framework\EventDriver\Event.h">
      <Filter>Source\Framework\EventDriver</Filter>
    </ClInclude>
    <ClInclude Include="..\..\Source\Framework\EventDriver\EventCenter.h">
      <Filter>Source\Framework\EventDriver</Filter>
    </ClInclude>
    <ClInclude Include="..\..\Source\Framework\EventDriver\EventProcessor.h">
      <Filter>Source\Framework\EventDriver</Filter>
    </ClInclude>
  </ItemGroup>
  <ItemGroup>
    <ClCompile Include="..\..\Source\stdafx.cpp">
      <Filter>Source</Filter>
    </ClCompile>
    <ClCompile Include="..\..\Source\Framework\Application.cpp">
      <Filter>Source\Framework</Filter>
    </ClCompile>
    <ClCompile Include="..\..\Source\Framework\Scene.cpp">
      <Filter>Source\Framework</Filter>
    </ClCompile>
    <ClCompile Include="..\..\Platform\Windows\HappyValley.cpp">
      <Filter>Windows</Filter>
    </ClCompile>
    <ClCompile Include="..\..\Source\Scenes\MainScene.cpp">
      <Filter>Source\Scenes</Filter>
    </ClCompile>
    <ClCompile Include="..\..\Source\Scenes\SubScene1.cpp">
      <Filter>Source\Scenes</Filter>
    </ClCompile>
    <ClCompile Include="..\..\Source\Framework\Modules\Rendering\Platform\D3D9\RendererD3D9.cpp">
      <Filter>Source\Framework\Modules\Rendering\Platform\D3D9</Filter>
    </ClCompile>
    <ClCompile Include="..\..\Source\Framework\Modules\Rendering\Renderer.cpp">
      <Filter>Source\Framework\Modules\Rendering</Filter>
    </ClCompile>
    <ClCompile Include="..\..\Source\Framework\Modules\Director\Director.cpp">
      <Filter>Source\Framework\Modules\Director</Filter>
    </ClCompile>
    <ClCompile Include="..\..\Source\Framework\Modules\Terminal\Platform\Windows\TerminalWin.cpp">
      <Filter>Source\Framework\Modules\Terminal\Platform\Windows</Filter>
    </ClCompile>
    <ClCompile Include="..\..\Source\Framework\Modules\Timer\Platform\Windows\TimerWin.cpp">
      <Filter>Source\Framework\Modules\Timer\Platform\Windows</Filter>
    </ClCompile>
    <ClCompile Include="..\..\Source\Framework\Modules\Timer\Timer.cpp">
      <Filter>Source\Framework\Modules\Timer</Filter>
    </ClCompile>
    <ClCompile Include="..\..\Source\Framework\Modules\Terminal\Terminal.cpp">
      <Filter>Source\Framework\Modules\Terminal</Filter>
    </ClCompile>
    <ClCompile Include="..\..\Source\Framework\Modules\Rendering\Platform\D3D11\RendererD3D11.cpp">
      <Filter>Source\Framework\Modules\Rendering\Platform\D3D11</Filter>
    </ClCompile>
    <ClCompile Include="..\..\Source\Framework\EventDriver\EventProcessor.cpp">
      <Filter>Source\Framework\EventDriver</Filter>
    </ClCompile>
    <ClCompile Include="..\..\Source\Framework\EventDriver\EventCenter.cpp">
      <Filter>Source\Framework\EventDriver</Filter>
    </ClCompile>
  </ItemGroup>
  <ItemGroup>
    <Text Include="..\..\ReadMe.txt" />
  </ItemGroup>
  <ItemGroup>
    <Image Include="..\..\Platform\Windows\HappyValley.ico">
      <Filter>Windows</Filter>
    </Image>
    <Image Include="..\..\Platform\Windows\small.ico">
      <Filter>Windows</Filter>
    </Image>
  </ItemGroup>
  <ItemGroup>
    <ResourceCompile Include="..\..\Platform\Windows\HappyValley.rc">
      <Filter>Windows</Filter>
    </ResourceCompile>
  </ItemGroup>
  <ItemGroup>
    <None Include="..\..\Source\Framework\Math\XNAMath\xnamathconvert.inl">
      <Filter>Source\Framework\Math\XNAMath</Filter>
    </None>
    <None Include="..\..\Source\Framework\Math\XNAMath\xnamathmatrix.inl">
      <Filter>Source\Framework\Math\XNAMath</Filter>
    </None>
    <None Include="..\..\Source\Framework\Math\XNAMath\xnamathmisc.inl">
      <Filter>Source\Framework\Math\XNAMath</Filter>
    </None>
    <None Include="..\..\Source\Framework\Math\XNAMath\xnamathvector.inl">
      <Filter>Source\Framework\Math\XNAMath</Filter>
    </None>
  </ItemGroup>
  <ItemGroup>
    <CustomBuild Include="..\..\Resource\SampleEffect.fx">
      <Filter>Resource\Shader</Filter>
    </CustomBuild>
  </ItemGroup>
</Project>